// !$*UTF8*$!
{
	archiveVersion = 1;
	classes = {
	};
	objectVersion = 46;
	objects = {

/* Begin PBXBuildFile section */
		925AC7391488090A00485591 /* libjpeg.c in Sources */ = {isa = PBXBuildFile; fileRef = 925AC737148808FD00485591 /* libjpeg.c */; };
		925AC75E14880E6E00485591 /* libjpeg.8.dylib in Frameworks */ = {isa = PBXBuildFile; fileRef = 925AC75114880CEC00485591 /* libjpeg.8.dylib */; };
		925AC76114880FB200485591 /* images in CopyFiles */ = {isa = PBXBuildFile; fileRef = 925AC76014880FA500485591 /* images */; };
		925AC7631488129E00485591 /* Planet.cpp in Sources */ = {isa = PBXBuildFile; fileRef = 92C47EE514869D1600C0E377 /* Planet.cpp */; };
		925AC7641488129E00485591 /* main.cpp in Sources */ = {isa = PBXBuildFile; fileRef = 92C47EE614869D1600C0E377 /* main.cpp */; };
		925AC7661488129F00485591 /* Material.cpp in Sources */ = {isa = PBXBuildFile; fileRef = 92C47EE814869D1600C0E377 /* Material.cpp */; };
		925AC76E14884AD900485591 /* Texture.cpp in Sources */ = {isa = PBXBuildFile; fileRef = 925AC76C14884AD800485591 /* Texture.cpp */; };
		92C47EE214869C4900C0E377 /* GLUT.framework in Frameworks */ = {isa = PBXBuildFile; fileRef = 92C47EE114869C4900C0E377 /* GLUT.framework */; };
		92C47EE414869C5200C0E377 /* OpenGL.framework in Frameworks */ = {isa = PBXBuildFile; fileRef = 92C47EE314869C5200C0E377 /* OpenGL.framework */; };
		92E5042E148C5DC200072643 /* SolarSystem.cpp in Sources */ = {isa = PBXBuildFile; fileRef = 92E5042C148C5DC200072643 /* SolarSystem.cpp */; };
/* End PBXBuildFile section */

/* Begin PBXCopyFilesBuildPhase section */
		92C47ECE14869C0C00C0E377 /* CopyFiles */ = {
			isa = PBXCopyFilesBuildPhase;
			buildActionMask = 12;
			dstPath = "";
			dstSubfolderSpec = 16;
			files = (
				925AC76114880FB200485591 /* images in CopyFiles */,
			);
			runOnlyForDeploymentPostprocessing = 0;
		};
/* End PBXCopyFilesBuildPhase section */

/* Begin PBXFileReference section */
		921E8D531474A03D00917AFD /* GLUT.framework */ = {isa = PBXFileReference; lastKnownFileType = wrapper.framework; name = GLUT.framework; path = SDKs/MacOSX10.6.sdk/System/Library/Frameworks/GLUT.framework; sourceTree = DEVELOPER_DIR; };
		921E8D551474A04300917AFD /* OpenGL.framework */ = {isa = PBXFileReference; lastKnownFileType = wrapper.framework; name = OpenGL.framework; path = SDKs/MacOSX10.6.sdk/System/Library/Frameworks/OpenGL.framework; sourceTree = DEVELOPER_DIR; };
		925AC737148808FD00485591 /* libjpeg.c */ = {isa = PBXFileReference; fileEncoding = 4; lastKnownFileType = sourcecode.c.c; path = libjpeg.c; sourceTree = "<group>"; };
		925AC74D14880CEC00485591 /* jconfig.h */ = {isa = PBXFileReference; lastKnownFileType = sourcecode.c.h; path = jconfig.h; sourceTree = "<group>"; };
		925AC74E14880CEC00485591 /* jerror.h */ = {isa = PBXFileReference; lastKnownFileType = sourcecode.c.h; path = jerror.h; sourceTree = "<group>"; };
		925AC74F14880CEC00485591 /* jmorecfg.h */ = {isa = PBXFileReference; lastKnownFileType = sourcecode.c.h; path = jmorecfg.h; sourceTree = "<group>"; };
		925AC75014880CEC00485591 /* jpeglib.h */ = {isa = PBXFileReference; lastKnownFileType = sourcecode.c.h; path = jpeglib.h; sourceTree = "<group>"; };
		925AC75114880CEC00485591 /* libjpeg.8.dylib */ = {isa = PBXFileReference; lastKnownFileType = "compiled.mach-o.dylib"; path = libjpeg.8.dylib; sourceTree = "<group>"; };
		925AC75214880CEC00485591 /* libjpeg.a */ = {isa = PBXFileReference; lastKnownFileType = archive.ar; path = libjpeg.a; sourceTree = "<group>"; };
		925AC75314880CEC00485591 /* libjpeg.dylib */ = {isa = PBXFileReference; lastKnownFileType = "compiled.mach-o.dylib"; path = libjpeg.dylib; sourceTree = "<group>"; };
		925AC76014880FA500485591 /* images */ = {isa = PBXFileReference; lastKnownFileType = folder; name = images; path = Practical5/images; sourceTree = "<group>"; };
		925AC762148811D400485591 /* libjpeg.h */ = {isa = PBXFileReference; fileEncoding = 4; lastKnownFileType = sourcecode.c.h; path = libjpeg.h; sourceTree = "<group>"; };
		925AC76C14884AD800485591 /* Texture.cpp */ = {isa = PBXFileReference; fileEncoding = 4; lastKnownFileType = sourcecode.cpp.cpp; path = Texture.cpp; sourceTree = "<group>"; };
		925AC76D14884AD900485591 /* Texture.h */ = {isa = PBXFileReference; fileEncoding = 4; lastKnownFileType = sourcecode.c.h; path = Texture.h; sourceTree = "<group>"; };
		92790B8214783B4400588E53 /* GLUT.framework */ = {isa = PBXFileReference; lastKnownFileType = wrapper.framework; name = GLUT.framework; path = SDKs/MacOSX10.6.sdk/System/Library/Frameworks/GLUT.framework; sourceTree = DEVELOPER_DIR; };
		92790B8414783B4D00588E53 /* OpenGL.framework */ = {isa = PBXFileReference; lastKnownFileType = wrapper.framework; name = OpenGL.framework; path = SDKs/MacOSX10.6.sdk/System/Library/Frameworks/OpenGL.framework; sourceTree = DEVELOPER_DIR; };
		92C47ED014869C0C00C0E377 /* Practical5 */ = {isa = PBXFileReference; explicitFileType = "compiled.mach-o.executable"; includeInIndex = 0; path = Practical5; sourceTree = BUILT_PRODUCTS_DIR; };
		92C47EE114869C4900C0E377 /* GLUT.framework */ = {isa = PBXFileReference; lastKnownFileType = wrapper.framework; name = GLUT.framework; path = SDKs/MacOSX10.6.sdk/System/Library/Frameworks/GLUT.framework; sourceTree = DEVELOPER_DIR; };
		92C47EE314869C5200C0E377 /* OpenGL.framework */ = {isa = PBXFileReference; lastKnownFileType = wrapper.framework; name = OpenGL.framework; path = SDKs/MacOSX10.6.sdk/System/Library/Frameworks/OpenGL.framework; sourceTree = DEVELOPER_DIR; };
		92C47EE514869D1600C0E377 /* Planet.cpp */ = {isa = PBXFileReference; fileEncoding = 4; lastKnownFileType = sourcecode.cpp.cpp; path = Planet.cpp; sourceTree = "<group>"; };
		92C47EE614869D1600C0E377 /* main.cpp */ = {isa = PBXFileReference; fileEncoding = 4; lastKnownFileType = sourcecode.cpp.cpp; path = main.cpp; sourceTree = "<group>"; };
		92C47EE714869D1600C0E377 /* Planet.h */ = {isa = PBXFileReference; fileEncoding = 4; lastKnownFileType = sourcecode.c.h; path = Planet.h; sourceTree = "<group>"; };
		92C47EE814869D1600C0E377 /* Material.cpp */ = {isa = PBXFileReference; fileEncoding = 4; lastKnownFileType = sourcecode.cpp.cpp; path = Material.cpp; sourceTree = "<group>"; };
		92C47EE914869D1600C0E377 /* Material.h */ = {isa = PBXFileReference; fileEncoding = 4; lastKnownFileType = sourcecode.c.h; path = Material.h; sourceTree = "<group>"; };
		92C47EEA14869D1600C0E377 /* Location.h */ = {isa = PBXFileReference; fileEncoding = 4; lastKnownFileType = sourcecode.c.h; path = Location.h; sourceTree = "<group>"; };
		92C47EEB14869D1600C0E377 /* Glut.h */ = {isa = PBXFileReference; fileEncoding = 4; lastKnownFileType = sourcecode.c.h; path = Glut.h; sourceTree = "<group>"; };
		92E5042C148C5DC200072643 /* SolarSystem.cpp */ = {isa = PBXFileReference; fileEncoding = 4; lastKnownFileType = sourcecode.cpp.cpp; path = SolarSystem.cpp; sourceTree = "<group>"; };
		92E5042D148C5DC200072643 /* SolarSystem.h */ = {isa = PBXFileReference; fileEncoding = 4; lastKnownFileType = sourcecode.c.h; path = SolarSystem.h; sourceTree = "<group>"; };
/* End PBXFileReference section */

/* Begin PBXFrameworksBuildPhase section */
		92C47ECD14869C0C00C0E377 /* Frameworks */ = {
			isa = PBXFrameworksBuildPhase;
			buildActionMask = 2147483647;
			files = (
				92C47EE414869C5200C0E377 /* OpenGL.framework in Frameworks */,
				92C47EE214869C4900C0E377 /* GLUT.framework in Frameworks */,
				925AC75E14880E6E00485591 /* libjpeg.8.dylib in Frameworks */,
			);
			runOnlyForDeploymentPostprocessing = 0;
		};
/* End PBXFrameworksBuildPhase section */

/* Begin PBXGroup section */
		921E8D3C14749FFE00917AFD = {
			isa = PBXGroup;
			children = (
				925AC76014880FA500485591 /* images */,
				925AC74C14880CEC00485591 /* libjpeg */,
				92C47ED214869C0C00C0E377 /* Practical5 */,
				921E8D4A1474A01000917AFD /* Products */,
				92790B8114783B2D00588E53 /* Frameworks */,
			);
			sourceTree = "<group>";
		};
		921E8D4A1474A01000917AFD /* Products */ = {
			isa = PBXGroup;
			children = (
				92C47ED014869C0C00C0E377 /* Practical5 */,
			);
			name = Products;
			sourceTree = "<group>";
		};
		925AC74C14880CEC00485591 /* libjpeg */ = {
			isa = PBXGroup;
			children = (
				925AC74D14880CEC00485591 /* jconfig.h */,
				925AC74E14880CEC00485591 /* jerror.h */,
				925AC74F14880CEC00485591 /* jmorecfg.h */,
				925AC75014880CEC00485591 /* jpeglib.h */,
				925AC75114880CEC00485591 /* libjpeg.8.dylib */,
				925AC75214880CEC00485591 /* libjpeg.a */,
				925AC75314880CEC00485591 /* libjpeg.dylib */,
			);
			name = libjpeg;
			path = Practical5/libjpeg;
			sourceTree = "<group>";
		};
		92790B8114783B2D00588E53 /* Frameworks */ = {
			isa = PBXGroup;
			children = (
				92C47EE314869C5200C0E377 /* OpenGL.framework */,
				92C47EE114869C4900C0E377 /* GLUT.framework */,
				92790B8414783B4D00588E53 /* OpenGL.framework */,
				92790B8214783B4400588E53 /* GLUT.framework */,
				921E8D551474A04300917AFD /* OpenGL.framework */,
				921E8D531474A03D00917AFD /* GLUT.framework */,
			);
			name = Frameworks;
			sourceTree = "<group>";
		};
		92C47ED214869C0C00C0E377 /* Practical5 */ = {
			isa = PBXGroup;
			children = (
				925AC737148808FD00485591 /* libjpeg.c */,
				92C47EE514869D1600C0E377 /* Planet.cpp */,
				92C47EE614869D1600C0E377 /* main.cpp */,
				92C47EE714869D1600C0E377 /* Planet.h */,
				92C47EE814869D1600C0E377 /* Material.cpp */,
				92C47EE914869D1600C0E377 /* Material.h */,
				92C47EEA14869D1600C0E377 /* Location.h */,
				92C47EEB14869D1600C0E377 /* Glut.h */,
				925AC762148811D400485591 /* libjpeg.h */,
				925AC76C14884AD800485591 /* Texture.cpp */,
				925AC76D14884AD900485591 /* Texture.h */,
				92E5042C148C5DC200072643 /* SolarSystem.cpp */,
				92E5042D148C5DC200072643 /* SolarSystem.h */,
			);
			path = Practical5;
			sourceTree = "<group>";
		};
/* End PBXGroup section */

/* Begin PBXNativeTarget section */
		92C47ECF14869C0C00C0E377 /* Practical5 */ = {
			isa = PBXNativeTarget;
			buildConfigurationList = 92C47ED814869C0C00C0E377 /* Build configuration list for PBXNativeTarget "Practical5" */;
			buildPhases = (
				92C47ECC14869C0C00C0E377 /* Sources */,
				92C47ECD14869C0C00C0E377 /* Frameworks */,
				92C47ECE14869C0C00C0E377 /* CopyFiles */,
			);
			buildRules = (
			);
			dependencies = (
			);
			name = Practical5;
			productName = Practical5;
			productReference = 92C47ED014869C0C00C0E377 /* Practical5 */;
			productType = "com.apple.product-type.tool";
		};
/* End PBXNativeTarget section */

/* Begin PBXProject section */
		921E8D3E14749FFE00917AFD /* Project object */ = {
			isa = PBXProject;
			attributes = {
				ORGANIZATIONNAME = "St. Andrews KY16 9XW";
			};
			buildConfigurationList = 921E8D4114749FFE00917AFD /* Build configuration list for PBXProject "CS4102-CG-P5" */;
			compatibilityVersion = "Xcode 3.2";
			developmentRegion = English;
			hasScannedForEncodings = 0;
			knownRegions = (
				en,
			);
			mainGroup = 921E8D3C14749FFE00917AFD;
			productRefGroup = 921E8D4A1474A01000917AFD /* Products */;
			projectDirPath = "";
			projectRoot = "";
			targets = (
				92C47ECF14869C0C00C0E377 /* Practical5 */,
			);
		};
/* End PBXProject section */

/* Begin PBXSourcesBuildPhase section */
		92C47ECC14869C0C00C0E377 /* Sources */ = {
			isa = PBXSourcesBuildPhase;
			buildActionMask = 2147483647;
			files = (
				925AC7631488129E00485591 /* Planet.cpp in Sources */,
				925AC7641488129E00485591 /* main.cpp in Sources */,
				925AC7661488129F00485591 /* Material.cpp in Sources */,
				925AC7391488090A00485591 /* libjpeg.c in Sources */,
				925AC76E14884AD900485591 /* Texture.cpp in Sources */,
				92E5042E148C5DC200072643 /* SolarSystem.cpp in Sources */,
			);
			runOnlyForDeploymentPostprocessing = 0;
		};
/* End PBXSourcesBuildPhase section */

/* Begin XCBuildConfiguration section */
		921E8D4314749FFE00917AFD /* Debug */ = {
			isa = XCBuildConfiguration;
			buildSettings = {
			};
			name = Debug;
		};
		921E8D4414749FFE00917AFD /* Release */ = {
			isa = XCBuildConfiguration;
			buildSettings = {
			};
			name = Release;
		};
		92C47ED614869C0C00C0E377 /* Debug */ = {
			isa = XCBuildConfiguration;
			buildSettings = {
				ALWAYS_SEARCH_USER_PATHS = YES;
				ARCHS = "$(ARCHS_STANDARD_32_64_BIT)";
				COPY_PHASE_STRIP = NO;
				GCC_C_LANGUAGE_STANDARD = gnu99;
				GCC_DYNAMIC_NO_PIC = NO;
				GCC_ENABLE_OBJC_EXCEPTIONS = YES;
				GCC_OPTIMIZATION_LEVEL = 0;
				GCC_PREPROCESSOR_DEFINITIONS = DEBUG;
				GCC_SYMBOLS_PRIVATE_EXTERN = NO;
				GCC_VERSION = 4.2;
				GCC_WARN_64_TO_32_BIT_CONVERSION = YES;
				GCC_WARN_ABOUT_RETURN_TYPE = YES;
				GCC_WARN_UNUSED_VARIABLE = YES;
				HEADER_SEARCH_PATHS = (
					"$(inherited)",
					"\"$(SRCROOT)/Practical5/libjpeg\"/**",
				);
				LIBRARY_SEARCH_PATHS = (
					"$(inherited)",
					"\"$(SRCROOT)\"",
					"\"$(SRCROOT)/Practical5\"",
					"\"$(SRCROOT)/Practical5/libjpeg\"",
				);
				MACOSX_DEPLOYMENT_TARGET = 10.6;
				ONLY_ACTIVE_ARCH = YES;
				OTHER_CPLUSPLUSFLAGS = "$(OTHER_CFLAGS)";
				PRODUCT_NAME = "$(TARGET_NAME)";
				SDKROOT = macosx;
				USER_HEADER_SEARCH_PATHS = "$(inherited) \"$(SRCROOT)/Practical5/libjpeg\"";
			};
			name = Debug;
		};
		92C47ED714869C0C00C0E377 /* Release */ = {
			isa = XCBuildConfiguration;
			buildSettings = {
				ALWAYS_SEARCH_USER_PATHS = YES;
				ARCHS = "$(ARCHS_STANDARD_32_64_BIT)";
				COPY_PHASE_STRIP = YES;
				DEBUG_INFORMATION_FORMAT = "dwarf-with-dsym";
				GCC_C_LANGUAGE_STANDARD = gnu99;
				GCC_ENABLE_OBJC_EXCEPTIONS = YES;
				GCC_VERSION = 4.2;
				GCC_WARN_64_TO_32_BIT_CONVERSION = YES;
				GCC_WARN_ABOUT_RETURN_TYPE = YES;
				GCC_WARN_UNUSED_VARIABLE = YES;
				HEADER_SEARCH_PATHS = (
					"$(inherited)",
					"\"$(SRCROOT)/Practical5/libjpeg\"/**",
				);
				LIBRARY_SEARCH_PATHS = (
					"$(inherited)",
					"\"$(SRCROOT)\"",
					"\"$(SRCROOT)/Practical5\"",
					"\"$(SRCROOT)/Practical5/libjpeg\"",
				);
				MACOSX_DEPLOYMENT_TARGET = 10.6;
				OTHER_CPLUSPLUSFLAGS = "$(OTHER_CFLAGS)";
				PRODUCT_NAME = "$(TARGET_NAME)";
				SDKROOT = macosx;
				USER_HEADER_SEARCH_PATHS = "$(inherited) \"$(SRCROOT)/Practical5/libjpeg\"";
			};
			name = Release;
		};
/* End XCBuildConfiguration section */

/* Begin XCConfigurationList section */
		921E8D4114749FFE00917AFD /* Build configuration list for PBXProject "CS4102-CG-P5" */ = {
			isa = XCConfigurationList;
			buildConfigurations = (
				921E8D4314749FFE00917AFD /* Debug */,
				921E8D4414749FFE00917AFD /* Release */,
			);
			defaultConfigurationIsVisible = 0;
			defaultConfigurationName = Release;
		};
		92C47ED814869C0C00C0E377 /* Build configuration list for PBXNativeTarget "Practical5" */ = {
			isa = XCConfigurationList;
			buildConfigurations = (
				92C47ED614869C0C00C0E377 /* Debug */,
				92C47ED714869C0C00C0E377 /* Release */,
			);
			defaultConfigurationIsVisible = 0;
			defaultConfigurationName = Release;
		};
/* End XCConfigurationList section */
	};
	rootObject = 921E8D3E14749FFE00917AFD /* Project object */;
}
